
Microsoft Visual Studio Solution File, Format Version 12.00
# Visual Studio 14
VisualStudioVersion = 14.0.25420.1
MinimumVisualStudioVersion = 10.0.40219.1
Project("{FAE04EC0-301F-11D3-BF4B-00C04F79EFBC}") = "drawing_server", "drawing_server\drawing_server.csproj", "{F7CC4985-FACD-49C4-88BA-BDE44C90C35F}"
EndProject
Project("{FAE04EC0-301F-11D3-BF4B-00C04F79EFBC}") = "drawing_client", "drawing_client\drawing_client.csproj", "{AEF744E3-DA8E-461D-BBA5-866112FCDC0F}"
EndProject
Project("{FAE04EC0-301F-11D3-BF4B-00C04F79EFBC}") = "drawing_library", "drawing_library\drawing_library.csproj", "{AAB83FEA-5786-4AAD-B3A7-0387E5F5D49A}"
EndProject
Global
	GlobalSection(SolutionConfigurationPlatforms) = preSolution
		Debug|Any CPU = Debug|Any CPU
		Release|Any CPU = Release|Any CPU
	EndGlobalSection
	GlobalSection(ProjectConfigurationPlatforms) = postSolution
		{F7CC4985-FACD-49C4-88BA-BDE44C90C35F}.Debug|Any CPU.ActiveCfg = Debug|Any CPU
		{F7CC4985-FACD-49C4-88BA-BDE44C90C35F}.Debug|Any CPU.Build.0 = Debug|Any CPU
		{F7CC4985-FACD-49C4-88BA-BDE44C90C35F}.Release|Any CPU.ActiveCfg = Release|Any CPU
		{F7CC4985-FACD-49C4-88BA-BDE44C90C35F}.Release|Any CPU.Build.0 = Release|Any CPU
		{AEF744E3-DA8E-461D-BBA5-866112FCDC0F}.Debug|Any CPU.ActiveCfg = Debug|Any CPU
		{AEF744E3-DA8E-461D-BBA5-866112FCDC0F}.Debug|Any CPU.Build.0 = Debug|Any CPU
		{AEF744E3-DA8E-461D-BBA5-866112FCDC0F}.Release|Any CPU.ActiveCfg = Release|Any CPU
		{AEF744E3-DA8E-461D-BBA5-866112FCDC0F}.Release|Any CPU.Build.0 = Release|Any CPU
		{AAB83FEA-5786-4AAD-B3A7-0387E5F5D49A}.Debug|Any CPU.ActiveCfg = Debug|Any CPU
		{AAB83FEA-5786-4AAD-B3A7-0387E5F5D49A}.Debug|Any CPU.Build.0 = Debug|Any CPU
		{AAB83FEA-5786-4AAD-B3A7-0387E5F5D49A}.Release|Any CPU.ActiveCfg = Release|Any CPU
		{AAB83FEA-5786-4AAD-B3A7-0387E5F5D49A}.Release|Any CPU.Build.0 = Release|Any CPU
	EndGlobalSection
	GlobalSection(SolutionProperties) = preSolution
		HideSolutionNode = FALSE
	EndGlobalSection
EndGlobal
